
Microsoft Visual Studio Solution File, Format Version 12.00
# Visual Studio Version 16
VisualStudioVersion = 16.0.31205.134
MinimumVisualStudioVersion = 10.0.40219.1
Project("{FAE04EC0-301F-11D3-BF4B-00C04F79EFBC}") = "AngularApp", "AngularApp\AngularApp.csproj", "{5BBC518F-1055-40C6-BDF2-41870CB9D5AA}"
EndProject
Global
	GlobalSection(SolutionConfigurationPlatforms) = preSolution
		Debug|Any CPU = Debug|Any CPU
		Release|Any CPU = Release|Any CPU
	EndGlobalSection
	GlobalSection(ProjectConfigurationPlatforms) = postSolution
		{5BBC518F-1055-40C6-BDF2-41870CB9D5AA}.Debug|Any CPU.ActiveCfg = Debug|Any CPU
		{5BBC518F-1055-40C6-BDF2-41870CB9D5AA}.Debug|Any CPU.Build.0 = Debug|Any CPU
		{5BBC518F-1055-40C6-BDF2-41870CB9D5AA}.Release|Any CPU.ActiveCfg = Release|Any CPU
		{5BBC518F-1055-40C6-BDF2-41870CB9D5AA}.Release|Any CPU.Build.0 = Release|Any CPU
	EndGlobalSection
	GlobalSection(SolutionProperties) = preSolution
		HideSolutionNode = FALSE
	EndGlobalSection
	GlobalSection(ExtensibilityGlobals) = postSolution
		SolutionGuid = {2C68AB8B-2DDF-4F34-B763-617A727EE281}
	EndGlobalSection
EndGlobal
